# THIS IS AN AUTOGENERATED FILE. DO NOT EDIT THIS FILE DIRECTLY.
# yarn lockfile v1


"@bufbuild/buf-darwin-arm64@1.69.0":
  version "1.69.0"
  resolved "https://registry.yarnpkg.com/@bufbuild/buf-darwin-arm64/-/buf-darwin-arm64-1.69.0.tgz#021966a64a51be168f0f7896c0e2acc28b431831"
  integrity sha512-q7086l1PRS0fUn/IYef7WUAq5PEPIxCh3AVZZdObdOAA9C77ES7CYBSTWH3oEJHVElv1KPVVqvGmOC+G78HuXg==

"@bufbuild/buf-darwin-x64@1.69.0":
  version "1.69.0"
  resolved "https://registry.yarnpkg.com/@bufbuild/buf-darwin-x64/-/buf-darwin-x64-1.69.0.tgz#710590d3c70c80ac373db37bd7bc97f0a2b7d414"
  integrity sha512-ihM+lr0tahgLVbQvp5jhYS6T1cpydEX3TbJvAfePLJBCTrsXFMwKt1WIDjpSHIPHQABcqL9BuNnbs8r1+7E1MA==

"@bufbuild/buf-linux-aarch64@1.69.0":
  version "1.69.0"
  resolved "https://registry.yarnpkg.com/@bufbuild/buf-linux-aarch64/-/buf-linux-aarch64-1.69.0.tgz#4cba4960f44293f609c81a785528eceb599f6aad"
  integrity sha512-4twJF1ehcPRBvgA2g2yIG/3ViZ3SrElqCqGjXHp+U4RfjHV249j8kzVj08mvI1t0kv8Rbm8JECYqkxcYnKyuRA==

"@bufbuild/buf-linux-armv7@1.69.0":
  version "1.69.0"
  resolved "https://registry.yarnpkg.com/@bufbuild/buf-linux-armv7/-/buf-linux-armv7-1.69.0.tgz#3e02d25b32e6e38f676681c941f6e61306301a34"
  integrity sha512-zfbYrfPjOBp1Dxj+9avW05NWzGwLUTInfslhgWVbq61DYLegX6UW12hVk5xS/C5D0IlfIDfJUXEeTsHImigQTQ==

"@bufbuild/buf-linux-x64@1.69.0":
  version "1.69.0"
  resolved "https://registry.yarnpkg.com/@bufbuild/buf-linux-x64/-/buf-linux-x64-1.69.0.tgz#02bc955dda746568c8fc4bb14485f1bc4d33da7d"
  integrity sha512-mt/hJesHK62TlsSJPwBpRIC/OzWTlgaRmyjC8QF+T6+IbFwiwz1E3ZBCfNECEa2HW4ma8HbugpJyCBbUSA+z/Q==

"@bufbuild/buf-win32-arm64@1.69.0":
  version "1.69.0"
  resolved "https://registry.yarnpkg.com/@bufbuild/buf-win32-arm64/-/buf-win32-arm64-1.69.0.tgz#732076e1cd0f6e4dfdc7bd55281d15e08e3145b8"
  integrity sha512-IlMSIdCWvllwenbLlrWEH2YHQwCqmONKZYv4MXj56v6TvCWCTbYlaF5ZFP+xFAHToHp1OrFc+rwUqCt7ElBbHg==

"@bufbuild/buf-win32-x64@1.69.0":
  version "1.69.0"
  resolved "https://registry.yarnpkg.com/@bufbuild/buf-win32-x64/-/buf-win32-x64-1.69.0.tgz#122c8e040593c28cefa9475b9690c1ff9d4200d4"
  integrity sha512-wpKZLXUF/w85g4ZL9XqQqm33cfw2NRjiidSX5EVFMx4rDp7cnAUv3+PTwZvEPriqJEihnOJ5JCozsxjiWqSX7Q==

"@bufbuild/buf@^1.69.0":
  version "1.69.0"
  resolved "https://registry.yarnpkg.com/@bufbuild/buf/-/buf-1.69.0.tgz#e55b4aff3c8ee993f0c9000348c987850e259164"
  integrity sha512-hWk7cW6Z/7g6jpybePaf15QUUFd2+s4lJCeaAkBeo3tWPGoSgNJaJdMqIUy2y99uYy4yMjq9GYmjc5dSrfIn5A==
  optionalDependencies:
    "@bufbuild/buf-darwin-arm64" "1.69.0"
    "@bufbuild/buf-darwin-x64" "1.69.0"
    "@bufbuild/buf-linux-aarch64" "1.69.0"
    "@bufbuild/buf-linux-armv7" "1.69.0"
    "@bufbuild/buf-linux-x64" "1.69.0"
    "@bufbuild/buf-win32-arm64" "1.69.0"
    "@bufbuild/buf-win32-x64" "1.69.0"
