# THIS IS AN AUTOGENERATED FILE. DO NOT EDIT THIS FILE DIRECTLY.
# yarn lockfile v1


"@bufbuild/buf-darwin-arm64@1.72.0":
  version "1.72.0"
  resolved "https://registry.yarnpkg.com/@bufbuild/buf-darwin-arm64/-/buf-darwin-arm64-1.72.0.tgz#8544dca0be7139245f24b04ffc3ca44a761baa4e"
  integrity sha512-rKHRvjwAThapxIoOn92vIoTjYSz5FmRemDRLU4BYT4T6QWMEC13PM3/pPnqVgsNKZ5aW7iYDm9ztnisEqSi5yA==

"@bufbuild/buf-darwin-x64@1.72.0":
  version "1.72.0"
  resolved "https://registry.yarnpkg.com/@bufbuild/buf-darwin-x64/-/buf-darwin-x64-1.72.0.tgz#6587b5bde12c9bc8a8a2a6e2a6b7dd564c474b81"
  integrity sha512-4TQ1AGft8sGspNg9NMsEjsKKis7nGaVV8tZLnNa3cKUBmx22gwOnB6VRhgKWwjf+BDqr85lUEzQ6wHCboNUutg==

"@bufbuild/buf-linux-aarch64@1.72.0":
  version "1.72.0"
  resolved "https://registry.yarnpkg.com/@bufbuild/buf-linux-aarch64/-/buf-linux-aarch64-1.72.0.tgz#29cdf49f70aaa06b5e42543ff06109db674d2ab5"
  integrity sha512-cbIsUcgM5bHhbZWcDaAXqaYOAi8N0c0u+NiDydwVmZ04Et3s1EZ3TDqfQDRzwvoBPDP+lsO6YuTRXX6nI28x4w==

"@bufbuild/buf-linux-armv7@1.72.0":
  version "1.72.0"
  resolved "https://registry.yarnpkg.com/@bufbuild/buf-linux-armv7/-/buf-linux-armv7-1.72.0.tgz#63d6a3a9c25b17eb5e912da4226f69e347141262"
  integrity sha512-v/bXVsFL8YNm2HgosGb9r3+nAt4jQiUc3r3JipYuiVY3DAJZAjoEvcak6/BkxQMTEQz9Zb8gRRlule9IFkbc5g==

"@bufbuild/buf-linux-x64@1.72.0":
  version "1.72.0"
  resolved "https://registry.yarnpkg.com/@bufbuild/buf-linux-x64/-/buf-linux-x64-1.72.0.tgz#a3c6df208f9d01e0b63540521dffaaafd2834d83"
  integrity sha512-4xHGXEjqFxo1wX1zMGq4CzhYt5++nrj4C7k30j+YmGtvqCnipfdSe+V6kknBYRfYswVZEUwUbQOh6pnMTcGcrA==

"@bufbuild/buf-win32-arm64@1.72.0":
  version "1.72.0"
  resolved "https://registry.yarnpkg.com/@bufbuild/buf-win32-arm64/-/buf-win32-arm64-1.72.0.tgz#0a89f3838715cca09953923f751d8ffc4327a01a"
  integrity sha512-WH7ClsoB9A0e/5fFhx0DLqLzillYPRdHBhlwzihgvjGci0bBdyJVHSQGf0B9uspCMU6sn6W/N1S9/2vvQBNMug==

"@bufbuild/buf-win32-x64@1.72.0":
  version "1.72.0"
  resolved "https://registry.yarnpkg.com/@bufbuild/buf-win32-x64/-/buf-win32-x64-1.72.0.tgz#6e4987229f63df754883b67a5136488bb90c31b4"
  integrity sha512-X3eWqFzhDmu8CYQZz+Fu7i+PgH+yUl8UwJ5+x+bhZRYAIdcijikthodk60c5u/qq42m1Z2XAnAGyp/mTf7IffA==

"@bufbuild/buf@^1.72.0":
  version "1.72.0"
  resolved "https://registry.yarnpkg.com/@bufbuild/buf/-/buf-1.72.0.tgz#81276d6df758a3273ca48e19c421acf2d4c7e707"
  integrity sha512-BwBKTX/WXkhAhqWJGrEKnqU03/4tK1O0OozSlwUMBCOEo8pLL3xu3M24RT3+umExEeM0wjlANO6axqGWMqtt4Q==
  optionalDependencies:
    "@bufbuild/buf-darwin-arm64" "1.72.0"
    "@bufbuild/buf-darwin-x64" "1.72.0"
    "@bufbuild/buf-linux-aarch64" "1.72.0"
    "@bufbuild/buf-linux-armv7" "1.72.0"
    "@bufbuild/buf-linux-x64" "1.72.0"
    "@bufbuild/buf-win32-arm64" "1.72.0"
    "@bufbuild/buf-win32-x64" "1.72.0"
